
Microsoft Visual Studio Solution File, Format Version 12.00
# Visual Studio 15
VisualStudioVersion = 15.0.27130.2010
MinimumVisualStudioVersion = 10.0.40219.1
Project("{8BC9CEB8-8B4A-11D0-8D11-00A0C91BC942}") = "Project2", "Project2.vcxproj", "{417039CC-C12D-4BEF-ACC1-7A9A6EDF61F2}"
EndProject
Global
	GlobalSection(SolutionConfigurationPlatforms) = preSolution
		Debug|x64 = Debug|x64
		Debug|x86 = Debug|x86
		Release|x64 = Release|x64
		Release|x86 = Release|x86
	EndGlobalSection
	GlobalSection(ProjectConfigurationPlatforms) = postSolution
		{417039CC-C12D-4BEF-ACC1-7A9A6EDF61F2}.Debug|x64.ActiveCfg = Debug|x64
		{417039CC-C12D-4BEF-ACC1-7A9A6EDF61F2}.Debug|x64.Build.0 = Debug|x64
		{417039CC-C12D-4BEF-ACC1-7A9A6EDF61F2}.Debug|x86.ActiveCfg = Debug|Win32
		{417039CC-C12D-4BEF-ACC1-7A9A6EDF61F2}.Debug|x86.Build.0 = Debug|Win32
		{417039CC-C12D-4BEF-ACC1-7A9A6EDF61F2}.Release|x64.ActiveCfg = Release|x64
		{417039CC-C12D-4BEF-ACC1-7A9A6EDF61F2}.Release|x64.Build.0 = Release|x64
		{417039CC-C12D-4BEF-ACC1-7A9A6EDF61F2}.Release|x86.ActiveCfg = Release|Win32
		{417039CC-C12D-4BEF-ACC1-7A9A6EDF61F2}.Release|x86.Build.0 = Release|Win32
	EndGlobalSection
	GlobalSection(SolutionProperties) = preSolution
		HideSolutionNode = FALSE
	EndGlobalSection
	GlobalSection(ExtensibilityGlobals) = postSolution
		SolutionGuid = {BC3E75FC-9D0A-4B73-87DC-9A33276D6AF3}
	EndGlobalSection
EndGlobal
